
Microsoft Visual Studio Solution File, Format Version 12.00
# Visual Studio Version 17
VisualStudioVersion = 17.11.35312.102
MinimumVisualStudioVersion = 10.0.40219.1
Project("{FAE04EC0-301F-11D3-BF4B-00C04F79EFBC}") = "Prague Parking V2", "Prague Parking V2\Prague Parking V2.csproj", "{84801D75-C234-45C4-9E4F-8495A326CD1C}"
EndProject
Project("{9A19103F-16F7-4668-BE54-9A1E7A4F7556}") = "PragueParkingClassLibrary", "..\PragueParkingClassLibrary\PragueParkingClassLibrary\PragueParkingClassLibrary.csproj", "{8AE8ADDF-FA96-45E0-958A-C971B8D21074}"
EndProject
Project("{FAE04EC0-301F-11D3-BF4B-00C04F79EFBC}") = "PragueParkingTests", "PragueParkingTests\PragueParkingTests.csproj", "{0061EFED-4A0B-42CF-9C72-6BF085248189}"
EndProject
Global
	GlobalSection(SolutionConfigurationPlatforms) = preSolution
		Debug|Any CPU = Debug|Any CPU
		Release|Any CPU = Release|Any CPU
	EndGlobalSection
	GlobalSection(ProjectConfigurationPlatforms) = postSolution
		{84801D75-C234-45C4-9E4F-8495A326CD1C}.Debug|Any CPU.ActiveCfg = Debug|Any CPU
		{84801D75-C234-45C4-9E4F-8495A326CD1C}.Debug|Any CPU.Build.0 = Debug|Any CPU
		{84801D75-C234-45C4-9E4F-8495A326CD1C}.Release|Any CPU.ActiveCfg = Release|Any CPU
		{84801D75-C234-45C4-9E4F-8495A326CD1C}.Release|Any CPU.Build.0 = Release|Any CPU
		{8AE8ADDF-FA96-45E0-958A-C971B8D21074}.Debug|Any CPU.ActiveCfg = Debug|Any CPU
		{8AE8ADDF-FA96-45E0-958A-C971B8D21074}.Debug|Any CPU.Build.0 = Debug|Any CPU
		{8AE8ADDF-FA96-45E0-958A-C971B8D21074}.Release|Any CPU.ActiveCfg = Release|Any CPU
		{8AE8ADDF-FA96-45E0-958A-C971B8D21074}.Release|Any CPU.Build.0 = Release|Any CPU
		{0061EFED-4A0B-42CF-9C72-6BF085248189}.Debug|Any CPU.ActiveCfg = Debug|Any CPU
		{0061EFED-4A0B-42CF-9C72-6BF085248189}.Debug|Any CPU.Build.0 = Debug|Any CPU
		{0061EFED-4A0B-42CF-9C72-6BF085248189}.Release|Any CPU.ActiveCfg = Release|Any CPU
		{0061EFED-4A0B-42CF-9C72-6BF085248189}.Release|Any CPU.Build.0 = Release|Any CPU
	EndGlobalSection
	GlobalSection(SolutionProperties) = preSolution
		HideSolutionNode = FALSE
	EndGlobalSection
	GlobalSection(ExtensibilityGlobals) = postSolution
		SolutionGuid = {8DD1FF7A-07E6-420C-B088-B18911B827D7}
	EndGlobalSection
EndGlobal
